
Microsoft Visual Studio Solution File, Format Version 12.00
# Visual Studio Version 17
VisualStudioVersion = 17.14.36414.22 d17.14
MinimumVisualStudioVersion = 10.0.40219.1
Project("{FAE04EC0-301F-11D3-BF4B-00C04F79EFBC}") = "Project", "Project.csproj", "{58FAF0F5-40C3-4C1B-BD22-EC41DD9BB0C2}"
EndProject
Global
	GlobalSection(SolutionConfigurationPlatforms) = preSolution
		Debug|Any CPU = Debug|Any CPU
		Release|Any CPU = Release|Any CPU
	EndGlobalSection
	GlobalSection(ProjectConfigurationPlatforms) = postSolution
		{58FAF0F5-40C3-4C1B-BD22-EC41DD9BB0C2}.Debug|Any CPU.ActiveCfg = Debug|Any CPU
		{58FAF0F5-40C3-4C1B-BD22-EC41DD9BB0C2}.Debug|Any CPU.Build.0 = Debug|Any CPU
		{58FAF0F5-40C3-4C1B-BD22-EC41DD9BB0C2}.Release|Any CPU.ActiveCfg = Release|Any CPU
		{58FAF0F5-40C3-4C1B-BD22-EC41DD9BB0C2}.Release|Any CPU.Build.0 = Release|Any CPU
	EndGlobalSection
	GlobalSection(SolutionProperties) = preSolution
		HideSolutionNode = FALSE
	EndGlobalSection
	GlobalSection(ExtensibilityGlobals) = postSolution
		SolutionGuid = {7995ED0F-3669-497C-AFEB-C4B63F2DE245}
	EndGlobalSection
EndGlobal
